
Microsoft Visual Studio Solution File, Format Version 12.00
# Visual Studio 15
Project("{FAE04EC0-301F-11D3-BF4B-00C04F79EFBC}") = "XamCurrency.Android", "XamCurrency.Android\XamCurrency.Android.csproj", "{0609D0EC-8DA5-41F1-81B9-E9D322E0882B}"
EndProject
Project("{FAE04EC0-301F-11D3-BF4B-00C04F79EFBC}") = "XamCurrency.iOS", "XamCurrency.iOS\XamCurrency.iOS.csproj", "{1B795644-F5D3-423F-AA95-F5516D195A04}"
EndProject
Project("{FAE04EC0-301F-11D3-BF4B-00C04F79EFBC}") = "XamCurrency.UITests", "XamCurrency.UITests\XamCurrency.UITests.csproj", "{0DA4E34D-C9E3-4609-8CC4-AB066528A50B}"
EndProject
Project("{FAE04EC0-301F-11D3-BF4B-00C04F79EFBC}") = "XamCurrency", "XamCurrency\XamCurrency.csproj", "{67E6084E-6E08-4029-BF50-426885C8C55C}"
EndProject
Global
	GlobalSection(SolutionConfigurationPlatforms) = preSolution
		Debug|Any CPU = Debug|Any CPU
		Release|Any CPU = Release|Any CPU
		Debug|iPhoneSimulator = Debug|iPhoneSimulator
		Release|iPhoneSimulator = Release|iPhoneSimulator
		Debug|iPhone = Debug|iPhone
		Release|iPhone = Release|iPhone
	EndGlobalSection
	GlobalSection(ProjectConfigurationPlatforms) = postSolution
		{0609D0EC-8DA5-41F1-81B9-E9D322E0882B}.Debug|Any CPU.ActiveCfg = Debug|Any CPU
		{0609D0EC-8DA5-41F1-81B9-E9D322E0882B}.Debug|Any CPU.Build.0 = Debug|Any CPU
		{0609D0EC-8DA5-41F1-81B9-E9D322E0882B}.Release|Any CPU.ActiveCfg = Release|Any CPU
		{0609D0EC-8DA5-41F1-81B9-E9D322E0882B}.Release|Any CPU.Build.0 = Release|Any CPU
		{0609D0EC-8DA5-41F1-81B9-E9D322E0882B}.Debug|iPhoneSimulator.ActiveCfg = Debug|Any CPU
		{0609D0EC-8DA5-41F1-81B9-E9D322E0882B}.Debug|iPhoneSimulator.Build.0 = Debug|Any CPU
		{0609D0EC-8DA5-41F1-81B9-E9D322E0882B}.Release|iPhoneSimulator.ActiveCfg = Release|Any CPU
		{0609D0EC-8DA5-41F1-81B9-E9D322E0882B}.Release|iPhoneSimulator.Build.0 = Release|Any CPU
		{0609D0EC-8DA5-41F1-81B9-E9D322E0882B}.Debug|iPhone.ActiveCfg = Debug|Any CPU
		{0609D0EC-8DA5-41F1-81B9-E9D322E0882B}.Debug|iPhone.Build.0 = Debug|Any CPU
		{0609D0EC-8DA5-41F1-81B9-E9D322E0882B}.Release|iPhone.ActiveCfg = Release|Any CPU
		{0609D0EC-8DA5-41F1-81B9-E9D322E0882B}.Release|iPhone.Build.0 = Release|Any CPU
		{1B795644-F5D3-423F-AA95-F5516D195A04}.Debug|Any CPU.ActiveCfg = Debug|iPhoneSimulator
		{1B795644-F5D3-423F-AA95-F5516D195A04}.Debug|Any CPU.Build.0 = Debug|iPhoneSimulator
		{1B795644-F5D3-423F-AA95-F5516D195A04}.Release|Any CPU.ActiveCfg = Release|iPhoneSimulator
		{1B795644-F5D3-423F-AA95-F5516D195A04}.Release|Any CPU.Build.0 = Release|iPhoneSimulator
		{1B795644-F5D3-423F-AA95-F5516D195A04}.Debug|iPhoneSimulator.ActiveCfg = Debug|iPhoneSimulator
		{1B795644-F5D3-423F-AA95-F5516D195A04}.Debug|iPhoneSimulator.Build.0 = Debug|iPhoneSimulator
		{1B795644-F5D3-423F-AA95-F5516D195A04}.Release|iPhoneSimulator.ActiveCfg = Release|iPhoneSimulator
		{1B795644-F5D3-423F-AA95-F5516D195A04}.Release|iPhoneSimulator.Build.0 = Release|iPhoneSimulator
		{1B795644-F5D3-423F-AA95-F5516D195A04}.Debug|iPhone.ActiveCfg = Debug|iPhone
		{1B795644-F5D3-423F-AA95-F5516D195A04}.Debug|iPhone.Build.0 = Debug|iPhone
		{1B795644-F5D3-423F-AA95-F5516D195A04}.Release|iPhone.ActiveCfg = Release|iPhone
		{1B795644-F5D3-423F-AA95-F5516D195A04}.Release|iPhone.Build.0 = Release|iPhone
		{0DA4E34D-C9E3-4609-8CC4-AB066528A50B}.Debug|Any CPU.ActiveCfg = Debug|Any CPU
		{0DA4E34D-C9E3-4609-8CC4-AB066528A50B}.Debug|Any CPU.Build.0 = Debug|Any CPU
		{0DA4E34D-C9E3-4609-8CC4-AB066528A50B}.Release|Any CPU.ActiveCfg = Release|Any CPU
		{0DA4E34D-C9E3-4609-8CC4-AB066528A50B}.Release|Any CPU.Build.0 = Release|Any CPU
		{0DA4E34D-C9E3-4609-8CC4-AB066528A50B}.Debug|iPhoneSimulator.ActiveCfg = Debug|Any CPU
		{0DA4E34D-C9E3-4609-8CC4-AB066528A50B}.Debug|iPhoneSimulator.Build.0 = Debug|Any CPU
		{0DA4E34D-C9E3-4609-8CC4-AB066528A50B}.Release|iPhoneSimulator.ActiveCfg = Release|Any CPU
		{0DA4E34D-C9E3-4609-8CC4-AB066528A50B}.Release|iPhoneSimulator.Build.0 = Release|Any CPU
		{0DA4E34D-C9E3-4609-8CC4-AB066528A50B}.Debug|iPhone.ActiveCfg = Debug|Any CPU
		{0DA4E34D-C9E3-4609-8CC4-AB066528A50B}.Debug|iPhone.Build.0 = Debug|Any CPU
		{0DA4E34D-C9E3-4609-8CC4-AB066528A50B}.Release|iPhone.ActiveCfg = Release|Any CPU
		{0DA4E34D-C9E3-4609-8CC4-AB066528A50B}.Release|iPhone.Build.0 = Release|Any CPU
		{67E6084E-6E08-4029-BF50-426885C8C55C}.Debug|Any CPU.ActiveCfg = Debug|Any CPU
		{67E6084E-6E08-4029-BF50-426885C8C55C}.Debug|Any CPU.Build.0 = Debug|Any CPU
		{67E6084E-6E08-4029-BF50-426885C8C55C}.Release|Any CPU.ActiveCfg = Release|Any CPU
		{67E6084E-6E08-4029-BF50-426885C8C55C}.Release|Any CPU.Build.0 = Release|Any CPU
		{67E6084E-6E08-4029-BF50-426885C8C55C}.Debug|iPhoneSimulator.ActiveCfg = Debug|Any CPU
		{67E6084E-6E08-4029-BF50-426885C8C55C}.Debug|iPhoneSimulator.Build.0 = Debug|Any CPU
		{67E6084E-6E08-4029-BF50-426885C8C55C}.Release|iPhoneSimulator.ActiveCfg = Release|Any CPU
		{67E6084E-6E08-4029-BF50-426885C8C55C}.Release|iPhoneSimulator.Build.0 = Release|Any CPU
		{67E6084E-6E08-4029-BF50-426885C8C55C}.Debug|iPhone.ActiveCfg = Debug|Any CPU
		{67E6084E-6E08-4029-BF50-426885C8C55C}.Debug|iPhone.Build.0 = Debug|Any CPU
		{67E6084E-6E08-4029-BF50-426885C8C55C}.Release|iPhone.ActiveCfg = Release|Any CPU
		{67E6084E-6E08-4029-BF50-426885C8C55C}.Release|iPhone.Build.0 = Release|Any CPU
	EndGlobalSection
EndGlobal
